
Microsoft Visual Studio Solution File, Format Version 12.00
# Visual Studio 2013
VisualStudioVersion = 12.0.40629.0
MinimumVisualStudioVersion = 10.0.40219.1
Project("{E24C65DC-7377-472B-9ABA-BC803B73C61A}") = "quizmanagement system", "http://localhost:16208", "{C8736D35-35AC-44F5-9FDF-762350ADA0B4}"
	ProjectSection(WebsiteProperties) = preProject
		UseIISExpress = "true"
		TargetFrameworkMoniker = ".NETFramework,Version%3Dv4.5"
		Debug.AspNetCompiler.VirtualPath = "/localhost_16208"
		Debug.AspNetCompiler.PhysicalPath = "..\..\WebSites\quizmanagement system\"
		Debug.AspNetCompiler.TargetPath = "PrecompiledWeb\localhost_16208\"
		Debug.AspNetCompiler.Updateable = "true"
		Debug.AspNetCompiler.ForceOverwrite = "true"
		Debug.AspNetCompiler.FixedNames = "false"
		Debug.AspNetCompiler.Debug = "True"
		Release.AspNetCompiler.VirtualPath = "/localhost_16208"
		Release.AspNetCompiler.PhysicalPath = "..\..\WebSites\quizmanagement system\"
		Release.AspNetCompiler.TargetPath = "PrecompiledWeb\localhost_16208\"
		Release.AspNetCompiler.Updateable = "true"
		Release.AspNetCompiler.ForceOverwrite = "true"
		Release.AspNetCompiler.FixedNames = "false"
		Release.AspNetCompiler.Debug = "False"
		SlnRelativePath = "..\..\WebSites\quizmanagement system\"
		DefaultWebSiteLanguage = "Visual C#"
	EndProjectSection
EndProject
Global
	GlobalSection(SolutionConfigurationPlatforms) = preSolution
		Debug|Any CPU = Debug|Any CPU
	EndGlobalSection
	GlobalSection(ProjectConfigurationPlatforms) = postSolution
		{C8736D35-35AC-44F5-9FDF-762350ADA0B4}.Debug|Any CPU.ActiveCfg = Debug|Any CPU
		{C8736D35-35AC-44F5-9FDF-762350ADA0B4}.Debug|Any CPU.Build.0 = Debug|Any CPU
	EndGlobalSection
	GlobalSection(SolutionProperties) = preSolution
		HideSolutionNode = FALSE
	EndGlobalSection
EndGlobal
